
Microsoft Visual Studio Solution File, Format Version 12.00
# Visual Studio Version 16
VisualStudioVersion = 16.0.31424.327
MinimumVisualStudioVersion = 10.0.40219.1
Project("{FAE04EC0-301F-11D3-BF4B-00C04F79EFBC}") = "Anti-Debugger Simples", "Anti-Debugger Simples\Anti-Debugger Simples.csproj", "{1200E5E0-AC1D-4B00-AAF9-C6213BA09BDA}"
EndProject
Global
	GlobalSection(SolutionConfigurationPlatforms) = preSolution
		Debug|Any CPU = Debug|Any CPU
		Release|Any CPU = Release|Any CPU
	EndGlobalSection
	GlobalSection(ProjectConfigurationPlatforms) = postSolution
		{1200E5E0-AC1D-4B00-AAF9-C6213BA09BDA}.Debug|Any CPU.ActiveCfg = Debug|Any CPU
		{1200E5E0-AC1D-4B00-AAF9-C6213BA09BDA}.Debug|Any CPU.Build.0 = Debug|Any CPU
		{1200E5E0-AC1D-4B00-AAF9-C6213BA09BDA}.Release|Any CPU.ActiveCfg = Release|Any CPU
		{1200E5E0-AC1D-4B00-AAF9-C6213BA09BDA}.Release|Any CPU.Build.0 = Release|Any CPU
	EndGlobalSection
	GlobalSection(SolutionProperties) = preSolution
		HideSolutionNode = FALSE
	EndGlobalSection
	GlobalSection(ExtensibilityGlobals) = postSolution
		SolutionGuid = {9F965669-CCCE-4423-A708-B0B63992B461}
	EndGlobalSection
EndGlobal
